
Microsoft Visual Studio Solution File, Format Version 12.00
# Visual Studio Version 17
VisualStudioVersion = 17.0.32112.339
MinimumVisualStudioVersion = 10.0.40219.1
Project("{FAE04EC0-301F-11D3-BF4B-00C04F79EFBC}") = "MSSQL-Tools", "MSSQL-Tools\MSSQL-Tools.csproj", "{FC7DF0A0-024C-468A-8621-06AB5A656C75}"
EndProject
Global
	GlobalSection(SolutionConfigurationPlatforms) = preSolution
		Debug|Any CPU = Debug|Any CPU
		Release|Any CPU = Release|Any CPU
	EndGlobalSection
	GlobalSection(ProjectConfigurationPlatforms) = postSolution
		{FC7DF0A0-024C-468A-8621-06AB5A656C75}.Debug|Any CPU.ActiveCfg = Debug|Any CPU
		{FC7DF0A0-024C-468A-8621-06AB5A656C75}.Debug|Any CPU.Build.0 = Debug|Any CPU
		{FC7DF0A0-024C-468A-8621-06AB5A656C75}.Release|Any CPU.ActiveCfg = Release|Any CPU
		{FC7DF0A0-024C-468A-8621-06AB5A656C75}.Release|Any CPU.Build.0 = Release|Any CPU
	EndGlobalSection
	GlobalSection(SolutionProperties) = preSolution
		HideSolutionNode = FALSE
	EndGlobalSection
	GlobalSection(ExtensibilityGlobals) = postSolution
		SolutionGuid = {D724B9F8-389A-4F80-A516-B00BF3ABB08B}
	EndGlobalSection
EndGlobal
